
Microsoft Visual Studio Solution File, Format Version 12.00
# Visual Studio Version 17
VisualStudioVersion = 17.0.31903.59
MinimumVisualStudioVersion = 10.0.40219.1
Project("{2150E333-8FDC-42A3-9474-1A3956D46DE8}") = "src", "src", "{827E0CD3-B72D-47B6-A68D-7590B98EB39B}"
EndProject
Project("{FAE04EC0-301F-11D3-BF4B-00C04F79EFBC}") = "LoadGenerator", "src\LoadGenerator\LoadGenerator.csproj", "{5C5B34F3-DD84-40E2-973A-39424749D49C}"
EndProject
Project("{FAE04EC0-301F-11D3-BF4B-00C04F79EFBC}") = "OrderService", "src\OrderService\OrderService.csproj", "{8D24C54E-C3DE-43D1-9811-551086ACE49C}"
EndProject
Project("{2150E333-8FDC-42A3-9474-1A3956D46DE8}") = "Shared", "Shared", "{C8E42992-5E42-0C2B-DBFE-AA848D06431C}"
EndProject
Project("{FAE04EC0-301F-11D3-BF4B-00C04F79EFBC}") = "DevOpsLabs.Chaos", "src\Shared\DevOpsLabs.Chaos\DevOpsLabs.Chaos.csproj", "{AC363AD7-B87B-451B-9FCC-364FE67BC319}"
EndProject
Project("{FAE04EC0-301F-11D3-BF4B-00C04F79EFBC}") = "Gateway", "src\Gateway\Gateway.csproj", "{4ED2AB5B-C5C9-4B72-B67E-ACCC1EC5D7BE}"
EndProject
Project("{FAE04EC0-301F-11D3-BF4B-00C04F79EFBC}") = "NotificationService", "src\NotificationService\NotificationService.csproj", "{FEE474F0-8B51-43A8-A198-7D9D22061F22}"
EndProject
Project("{FAE04EC0-301F-11D3-BF4B-00C04F79EFBC}") = "CpuWorker", "src\CpuWorker\CpuWorker.csproj", "{1458557E-493A-4C81-B826-E4EF9BCBA990}"
EndProject
Project("{FAE04EC0-301F-11D3-BF4B-00C04F79EFBC}") = "DependencyService", "src\DependencyService\DependencyService.csproj", "{C9DB1C6C-E897-427A-9BE5-3E0142ACAECA}"
EndProject
Project("{FAE04EC0-301F-11D3-BF4B-00C04F79EFBC}") = "MemoryWorker", "src\MemoryWorker\MemoryWorker.csproj", "{2860C06F-1BDA-4B3A-8361-A393F29DE3F5}"
EndProject
Project("{FAE04EC0-301F-11D3-BF4B-00C04F79EFBC}") = "ProductService", "src\ProductService\ProductService.csproj", "{E8BC37C6-044E-433A-B016-A51D7C79A1B2}"
EndProject
Project("{FAE04EC0-301F-11D3-BF4B-00C04F79EFBC}") = "ControlService", "src\ControlService\ControlService.csproj", "{96541F66-FBAB-4727-98D2-E6C0B6301761}"
EndProject
Project("{2150E333-8FDC-42A3-9474-1A3956D46DE8}") = "tests", "tests", "{0AB3BF05-4346-4AA6-1389-037BE0695223}"
EndProject
Project("{FAE04EC0-301F-11D3-BF4B-00C04F79EFBC}") = "ControlService.Tests", "tests\ControlService.Tests\ControlService.Tests.csproj", "{9125C51C-ACFF-4478-B031-B7117B1253DE}"
EndProject
Global
	GlobalSection(SolutionConfigurationPlatforms) = preSolution
		Debug|Any CPU = Debug|Any CPU
		Debug|x64 = Debug|x64
		Debug|x86 = Debug|x86
		Release|Any CPU = Release|Any CPU
		Release|x64 = Release|x64
		Release|x86 = Release|x86
	EndGlobalSection
	GlobalSection(ProjectConfigurationPlatforms) = postSolution
		{5C5B34F3-DD84-40E2-973A-39424749D49C}.Debug|Any CPU.ActiveCfg = Debug|Any CPU
		{5C5B34F3-DD84-40E2-973A-39424749D49C}.Debug|Any CPU.Build.0 = Debug|Any CPU
		{5C5B34F3-DD84-40E2-973A-39424749D49C}.Debug|x64.ActiveCfg = Debug|Any CPU
		{5C5B34F3-DD84-40E2-973A-39424749D49C}.Debug|x64.Build.0 = Debug|Any CPU
		{5C5B34F3-DD84-40E2-973A-39424749D49C}.Debug|x86.ActiveCfg = Debug|Any CPU
		{5C5B34F3-DD84-40E2-973A-39424749D49C}.Debug|x86.Build.0 = Debug|Any CPU
		{5C5B34F3-DD84-40E2-973A-39424749D49C}.Release|Any CPU.ActiveCfg = Release|Any CPU
		{5C5B34F3-DD84-40E2-973A-39424749D49C}.Release|Any CPU.Build.0 = Release|Any CPU
		{5C5B34F3-DD84-40E2-973A-39424749D49C}.Release|x64.ActiveCfg = Release|Any CPU
		{5C5B34F3-DD84-40E2-973A-39424749D49C}.Release|x64.Build.0 = Release|Any CPU
		{5C5B34F3-DD84-40E2-973A-39424749D49C}.Release|x86.ActiveCfg = Release|Any CPU
		{5C5B34F3-DD84-40E2-973A-39424749D49C}.Release|x86.Build.0 = Release|Any CPU
		{8D24C54E-C3DE-43D1-9811-551086ACE49C}.Debug|Any CPU.ActiveCfg = Debug|Any CPU
		{8D24C54E-C3DE-43D1-9811-551086ACE49C}.Debug|Any CPU.Build.0 = Debug|Any CPU
		{8D24C54E-C3DE-43D1-9811-551086ACE49C}.Debug|x64.ActiveCfg = Debug|Any CPU
		{8D24C54E-C3DE-43D1-9811-551086ACE49C}.Debug|x64.Build.0 = Debug|Any CPU
		{8D24C54E-C3DE-43D1-9811-551086ACE49C}.Debug|x86.ActiveCfg = Debug|Any CPU
		{8D24C54E-C3DE-43D1-9811-551086ACE49C}.Debug|x86.Build.0 = Debug|Any CPU
		{8D24C54E-C3DE-43D1-9811-551086ACE49C}.Release|Any CPU.ActiveCfg = Release|Any CPU
		{8D24C54E-C3DE-43D1-9811-551086ACE49C}.Release|Any CPU.Build.0 = Release|Any CPU
		{8D24C54E-C3DE-43D1-9811-551086ACE49C}.Release|x64.ActiveCfg = Release|Any CPU
		{8D24C54E-C3DE-43D1-9811-551086ACE49C}.Release|x64.Build.0 = Release|Any CPU
		{8D24C54E-C3DE-43D1-9811-551086ACE49C}.Release|x86.ActiveCfg = Release|Any CPU
		{8D24C54E-C3DE-43D1-9811-551086ACE49C}.Release|x86.Build.0 = Release|Any CPU
		{AC363AD7-B87B-451B-9FCC-364FE67BC319}.Debug|Any CPU.ActiveCfg = Debug|Any CPU
		{AC363AD7-B87B-451B-9FCC-364FE67BC319}.Debug|Any CPU.Build.0 = Debug|Any CPU
		{AC363AD7-B87B-451B-9FCC-364FE67BC319}.Debug|x64.ActiveCfg = Debug|Any CPU
		{AC363AD7-B87B-451B-9FCC-364FE67BC319}.Debug|x64.Build.0 = Debug|Any CPU
		{AC363AD7-B87B-451B-9FCC-364FE67BC319}.Debug|x86.ActiveCfg = Debug|Any CPU
		{AC363AD7-B87B-451B-9FCC-364FE67BC319}.Debug|x86.Build.0 = Debug|Any CPU
		{AC363AD7-B87B-451B-9FCC-364FE67BC319}.Release|Any CPU.ActiveCfg = Release|Any CPU
		{AC363AD7-B87B-451B-9FCC-364FE67BC319}.Release|Any CPU.Build.0 = Release|Any CPU
		{AC363AD7-B87B-451B-9FCC-364FE67BC319}.Release|x64.ActiveCfg = Release|Any CPU
		{AC363AD7-B87B-451B-9FCC-364FE67BC319}.Release|x64.Build.0 = Release|Any CPU
		{AC363AD7-B87B-451B-9FCC-364FE67BC319}.Release|x86.ActiveCfg = Release|Any CPU
		{AC363AD7-B87B-451B-9FCC-364FE67BC319}.Release|x86.Build.0 = Release|Any CPU
		{4ED2AB5B-C5C9-4B72-B67E-ACCC1EC5D7BE}.Debug|Any CPU.ActiveCfg = Debug|Any CPU
		{4ED2AB5B-C5C9-4B72-B67E-ACCC1EC5D7BE}.Debug|Any CPU.Build.0 = Debug|Any CPU
		{4ED2AB5B-C5C9-4B72-B67E-ACCC1EC5D7BE}.Debug|x64.ActiveCfg = Debug|Any CPU
		{4ED2AB5B-C5C9-4B72-B67E-ACCC1EC5D7BE}.Debug|x64.Build.0 = Debug|Any CPU
		{4ED2AB5B-C5C9-4B72-B67E-ACCC1EC5D7BE}.Debug|x86.ActiveCfg = Debug|Any CPU
		{4ED2AB5B-C5C9-4B72-B67E-ACCC1EC5D7BE}.Debug|x86.Build.0 = Debug|Any CPU
		{4ED2AB5B-C5C9-4B72-B67E-ACCC1EC5D7BE}.Release|Any CPU.ActiveCfg = Release|Any CPU
		{4ED2AB5B-C5C9-4B72-B67E-ACCC1EC5D7BE}.Release|Any CPU.Build.0 = Release|Any CPU
		{4ED2AB5B-C5C9-4B72-B67E-ACCC1EC5D7BE}.Release|x64.ActiveCfg = Release|Any CPU
		{4ED2AB5B-C5C9-4B72-B67E-ACCC1EC5D7BE}.Release|x64.Build.0 = Release|Any CPU
		{4ED2AB5B-C5C9-4B72-B67E-ACCC1EC5D7BE}.Release|x86.ActiveCfg = Release|Any CPU
		{4ED2AB5B-C5C9-4B72-B67E-ACCC1EC5D7BE}.Release|x86.Build.0 = Release|Any CPU
		{FEE474F0-8B51-43A8-A198-7D9D22061F22}.Debug|Any CPU.ActiveCfg = Debug|Any CPU
		{FEE474F0-8B51-43A8-A198-7D9D22061F22}.Debug|Any CPU.Build.0 = Debug|Any CPU
		{FEE474F0-8B51-43A8-A198-7D9D22061F22}.Debug|x64.ActiveCfg = Debug|Any CPU
		{FEE474F0-8B51-43A8-A198-7D9D22061F22}.Debug|x64.Build.0 = Debug|Any CPU
		{FEE474F0-8B51-43A8-A198-7D9D22061F22}.Debug|x86.ActiveCfg = Debug|Any CPU
		{FEE474F0-8B51-43A8-A198-7D9D22061F22}.Debug|x86.Build.0 = Debug|Any CPU
		{FEE474F0-8B51-43A8-A198-7D9D22061F22}.Release|Any CPU.ActiveCfg = Release|Any CPU
		{FEE474F0-8B51-43A8-A198-7D9D22061F22}.Release|Any CPU.Build.0 = Release|Any CPU
		{FEE474F0-8B51-43A8-A198-7D9D22061F22}.Release|x64.ActiveCfg = Release|Any CPU
		{FEE474F0-8B51-43A8-A198-7D9D22061F22}.Release|x64.Build.0 = Release|Any CPU
		{FEE474F0-8B51-43A8-A198-7D9D22061F22}.Release|x86.ActiveCfg = Release|Any CPU
		{FEE474F0-8B51-43A8-A198-7D9D22061F22}.Release|x86.Build.0 = Release|Any CPU
		{1458557E-493A-4C81-B826-E4EF9BCBA990}.Debug|Any CPU.ActiveCfg = Debug|Any CPU
		{1458557E-493A-4C81-B826-E4EF9BCBA990}.Debug|Any CPU.Build.0 = Debug|Any CPU
		{1458557E-493A-4C81-B826-E4EF9BCBA990}.Debug|x64.ActiveCfg = Debug|Any CPU
		{1458557E-493A-4C81-B826-E4EF9BCBA990}.Debug|x64.Build.0 = Debug|Any CPU
		{1458557E-493A-4C81-B826-E4EF9BCBA990}.Debug|x86.ActiveCfg = Debug|Any CPU
		{1458557E-493A-4C81-B826-E4EF9BCBA990}.Debug|x86.Build.0 = Debug|Any CPU
		{1458557E-493A-4C81-B826-E4EF9BCBA990}.Release|Any CPU.ActiveCfg = Release|Any CPU
		{1458557E-493A-4C81-B826-E4EF9BCBA990}.Release|Any CPU.Build.0 = Release|Any CPU
		{1458557E-493A-4C81-B826-E4EF9BCBA990}.Release|x64.ActiveCfg = Release|Any CPU
		{1458557E-493A-4C81-B826-E4EF9BCBA990}.Release|x64.Build.0 = Release|Any CPU
		{1458557E-493A-4C81-B826-E4EF9BCBA990}.Release|x86.ActiveCfg = Release|Any CPU
		{1458557E-493A-4C81-B826-E4EF9BCBA990}.Release|x86.Build.0 = Release|Any CPU
		{C9DB1C6C-E897-427A-9BE5-3E0142ACAECA}.Debug|Any CPU.ActiveCfg = Debug|Any CPU
		{C9DB1C6C-E897-427A-9BE5-3E0142ACAECA}.Debug|Any CPU.Build.0 = Debug|Any CPU
		{C9DB1C6C-E897-427A-9BE5-3E0142ACAECA}.Debug|x64.ActiveCfg = Debug|Any CPU
		{C9DB1C6C-E897-427A-9BE5-3E0142ACAECA}.Debug|x64.Build.0 = Debug|Any CPU
		{C9DB1C6C-E897-427A-9BE5-3E0142ACAECA}.Debug|x86.ActiveCfg = Debug|Any CPU
		{C9DB1C6C-E897-427A-9BE5-3E0142ACAECA}.Debug|x86.Build.0 = Debug|Any CPU
		{C9DB1C6C-E897-427A-9BE5-3E0142ACAECA}.Release|Any CPU.ActiveCfg = Release|Any CPU
		{C9DB1C6C-E897-427A-9BE5-3E0142ACAECA}.Release|Any CPU.Build.0 = Release|Any CPU
		{C9DB1C6C-E897-427A-9BE5-3E0142ACAECA}.Release|x64.ActiveCfg = Release|Any CPU
		{C9DB1C6C-E897-427A-9BE5-3E0142ACAECA}.Release|x64.Build.0 = Release|Any CPU
		{C9DB1C6C-E897-427A-9BE5-3E0142ACAECA}.Release|x86.ActiveCfg = Release|Any CPU
		{C9DB1C6C-E897-427A-9BE5-3E0142ACAECA}.Release|x86.Build.0 = Release|Any CPU
		{2860C06F-1BDA-4B3A-8361-A393F29DE3F5}.Debug|Any CPU.ActiveCfg = Debug|Any CPU
		{2860C06F-1BDA-4B3A-8361-A393F29DE3F5}.Debug|Any CPU.Build.0 = Debug|Any CPU
		{2860C06F-1BDA-4B3A-8361-A393F29DE3F5}.Debug|x64.ActiveCfg = Debug|Any CPU
		{2860C06F-1BDA-4B3A-8361-A393F29DE3F5}.Debug|x64.Build.0 = Debug|Any CPU
		{2860C06F-1BDA-4B3A-8361-A393F29DE3F5}.Debug|x86.ActiveCfg = Debug|Any CPU
		{2860C06F-1BDA-4B3A-8361-A393F29DE3F5}.Debug|x86.Build.0 = Debug|Any CPU
		{2860C06F-1BDA-4B3A-8361-A393F29DE3F5}.Release|Any CPU.ActiveCfg = Release|Any CPU
		{2860C06F-1BDA-4B3A-8361-A393F29DE3F5}.Release|Any CPU.Build.0 = Release|Any CPU
		{2860C06F-1BDA-4B3A-8361-A393F29DE3F5}.Release|x64.ActiveCfg = Release|Any CPU
		{2860C06F-1BDA-4B3A-8361-A393F29DE3F5}.Release|x64.Build.0 = Release|Any CPU
		{2860C06F-1BDA-4B3A-8361-A393F29DE3F5}.Release|x86.ActiveCfg = Release|Any CPU
		{2860C06F-1BDA-4B3A-8361-A393F29DE3F5}.Release|x86.Build.0 = Release|Any CPU
		{E8BC37C6-044E-433A-B016-A51D7C79A1B2}.Debug|Any CPU.ActiveCfg = Debug|Any CPU
		{E8BC37C6-044E-433A-B016-A51D7C79A1B2}.Debug|Any CPU.Build.0 = Debug|Any CPU
		{E8BC37C6-044E-433A-B016-A51D7C79A1B2}.Debug|x64.ActiveCfg = Debug|Any CPU
		{E8BC37C6-044E-433A-B016-A51D7C79A1B2}.Debug|x64.Build.0 = Debug|Any CPU
		{E8BC37C6-044E-433A-B016-A51D7C79A1B2}.Debug|x86.ActiveCfg = Debug|Any CPU
		{E8BC37C6-044E-433A-B016-A51D7C79A1B2}.Debug|x86.Build.0 = Debug|Any CPU
		{E8BC37C6-044E-433A-B016-A51D7C79A1B2}.Release|Any CPU.ActiveCfg = Release|Any CPU
		{E8BC37C6-044E-433A-B016-A51D7C79A1B2}.Release|Any CPU.Build.0 = Release|Any CPU
		{E8BC37C6-044E-433A-B016-A51D7C79A1B2}.Release|x64.ActiveCfg = Release|Any CPU
		{E8BC37C6-044E-433A-B016-A51D7C79A1B2}.Release|x64.Build.0 = Release|Any CPU
		{E8BC37C6-044E-433A-B016-A51D7C79A1B2}.Release|x86.ActiveCfg = Release|Any CPU
		{E8BC37C6-044E-433A-B016-A51D7C79A1B2}.Release|x86.Build.0 = Release|Any CPU
		{96541F66-FBAB-4727-98D2-E6C0B6301761}.Debug|Any CPU.ActiveCfg = Debug|Any CPU
		{96541F66-FBAB-4727-98D2-E6C0B6301761}.Debug|Any CPU.Build.0 = Debug|Any CPU
		{96541F66-FBAB-4727-98D2-E6C0B6301761}.Debug|x64.ActiveCfg = Debug|Any CPU
		{96541F66-FBAB-4727-98D2-E6C0B6301761}.Debug|x64.Build.0 = Debug|Any CPU
		{96541F66-FBAB-4727-98D2-E6C0B6301761}.Debug|x86.ActiveCfg = Debug|Any CPU
		{96541F66-FBAB-4727-98D2-E6C0B6301761}.Debug|x86.Build.0 = Debug|Any CPU
		{96541F66-FBAB-4727-98D2-E6C0B6301761}.Release|Any CPU.ActiveCfg = Release|Any CPU
		{96541F66-FBAB-4727-98D2-E6C0B6301761}.Release|Any CPU.Build.0 = Release|Any CPU
		{96541F66-FBAB-4727-98D2-E6C0B6301761}.Release|x64.ActiveCfg = Release|Any CPU
		{96541F66-FBAB-4727-98D2-E6C0B6301761}.Release|x64.Build.0 = Release|Any CPU
		{96541F66-FBAB-4727-98D2-E6C0B6301761}.Release|x86.ActiveCfg = Release|Any CPU
		{96541F66-FBAB-4727-98D2-E6C0B6301761}.Release|x86.Build.0 = Release|Any CPU
		{9125C51C-ACFF-4478-B031-B7117B1253DE}.Debug|Any CPU.ActiveCfg = Debug|Any CPU
		{9125C51C-ACFF-4478-B031-B7117B1253DE}.Debug|Any CPU.Build.0 = Debug|Any CPU
		{9125C51C-ACFF-4478-B031-B7117B1253DE}.Debug|x64.ActiveCfg = Debug|Any CPU
		{9125C51C-ACFF-4478-B031-B7117B1253DE}.Debug|x64.Build.0 = Debug|Any CPU
		{9125C51C-ACFF-4478-B031-B7117B1253DE}.Debug|x86.ActiveCfg = Debug|Any CPU
		{9125C51C-ACFF-4478-B031-B7117B1253DE}.Debug|x86.Build.0 = Debug|Any CPU
		{9125C51C-ACFF-4478-B031-B7117B1253DE}.Release|Any CPU.ActiveCfg = Release|Any CPU
		{9125C51C-ACFF-4478-B031-B7117B1253DE}.Release|Any CPU.Build.0 = Release|Any CPU
		{9125C51C-ACFF-4478-B031-B7117B1253DE}.Release|x64.ActiveCfg = Release|Any CPU
		{9125C51C-ACFF-4478-B031-B7117B1253DE}.Release|x64.Build.0 = Release|Any CPU
		{9125C51C-ACFF-4478-B031-B7117B1253DE}.Release|x86.ActiveCfg = Release|Any CPU
		{9125C51C-ACFF-4478-B031-B7117B1253DE}.Release|x86.Build.0 = Release|Any CPU
	EndGlobalSection
	GlobalSection(SolutionProperties) = preSolution
		HideSolutionNode = FALSE
	EndGlobalSection
	GlobalSection(NestedProjects) = preSolution
		{5C5B34F3-DD84-40E2-973A-39424749D49C} = {827E0CD3-B72D-47B6-A68D-7590B98EB39B}
		{8D24C54E-C3DE-43D1-9811-551086ACE49C} = {827E0CD3-B72D-47B6-A68D-7590B98EB39B}
		{C8E42992-5E42-0C2B-DBFE-AA848D06431C} = {827E0CD3-B72D-47B6-A68D-7590B98EB39B}
		{AC363AD7-B87B-451B-9FCC-364FE67BC319} = {C8E42992-5E42-0C2B-DBFE-AA848D06431C}
		{4ED2AB5B-C5C9-4B72-B67E-ACCC1EC5D7BE} = {827E0CD3-B72D-47B6-A68D-7590B98EB39B}
		{FEE474F0-8B51-43A8-A198-7D9D22061F22} = {827E0CD3-B72D-47B6-A68D-7590B98EB39B}
		{1458557E-493A-4C81-B826-E4EF9BCBA990} = {827E0CD3-B72D-47B6-A68D-7590B98EB39B}
		{C9DB1C6C-E897-427A-9BE5-3E0142ACAECA} = {827E0CD3-B72D-47B6-A68D-7590B98EB39B}
		{2860C06F-1BDA-4B3A-8361-A393F29DE3F5} = {827E0CD3-B72D-47B6-A68D-7590B98EB39B}
		{E8BC37C6-044E-433A-B016-A51D7C79A1B2} = {827E0CD3-B72D-47B6-A68D-7590B98EB39B}
		{96541F66-FBAB-4727-98D2-E6C0B6301761} = {827E0CD3-B72D-47B6-A68D-7590B98EB39B}
		{9125C51C-ACFF-4478-B031-B7117B1253DE} = {0AB3BF05-4346-4AA6-1389-037BE0695223}
	EndGlobalSection
EndGlobal
